
Microsoft Visual Studio Solution File, Format Version 12.00
# Visual Studio Version 16
VisualStudioVersion = 16.0.28803.202
MinimumVisualStudioVersion = 10.0.40219.1
Project("{9A19103F-16F7-4668-BE54-9A1E7A4F7556}") = "ImageServiceClient", "ImageServiceClient.csproj", "{C6EA5E2F-5FF8-4439-8B95-E6BA5D1DFF7F}"
EndProject
Global
	GlobalSection(SolutionConfigurationPlatforms) = preSolution
		Debug|Any CPU = Debug|Any CPU
		Release|Any CPU = Release|Any CPU
	EndGlobalSection
	GlobalSection(ProjectConfigurationPlatforms) = postSolution
		{C6EA5E2F-5FF8-4439-8B95-E6BA5D1DFF7F}.Debug|Any CPU.ActiveCfg = Debug|Any CPU
		{C6EA5E2F-5FF8-4439-8B95-E6BA5D1DFF7F}.Debug|Any CPU.Build.0 = Debug|Any CPU
		{C6EA5E2F-5FF8-4439-8B95-E6BA5D1DFF7F}.Release|Any CPU.ActiveCfg = Release|Any CPU
		{C6EA5E2F-5FF8-4439-8B95-E6BA5D1DFF7F}.Release|Any CPU.Build.0 = Release|Any CPU
	EndGlobalSection
	GlobalSection(SolutionProperties) = preSolution
		HideSolutionNode = FALSE
	EndGlobalSection
	GlobalSection(ExtensibilityGlobals) = postSolution
		SolutionGuid = {79790099-71E1-4D76-BDCF-A506B13487AE}
	EndGlobalSection
EndGlobal
